
Microsoft Visual Studio Solution File, Format Version 12.00
# Visual Studio Version 16
VisualStudioVersion = 16.0.29424.173
MinimumVisualStudioVersion = 10.0.40219.1
Project("{FAE04EC0-301F-11D3-BF4B-00C04F79EFBC}") = "WEB_API_Project", "WEB_API_Project\WEB_API_Project.csproj", "{34A2F5DF-45FF-45A4-B52F-59D082F7EAC6}"
EndProject
Project("{FAE04EC0-301F-11D3-BF4B-00C04F79EFBC}") = "MVC", "MVC\MVC.csproj", "{48BC7675-DBB5-4BFC-B4D6-ACD1480908CB}"
EndProject
Global
	GlobalSection(SolutionConfigurationPlatforms) = preSolution
		Debug|Any CPU = Debug|Any CPU
		Release|Any CPU = Release|Any CPU
	EndGlobalSection
	GlobalSection(ProjectConfigurationPlatforms) = postSolution
		{34A2F5DF-45FF-45A4-B52F-59D082F7EAC6}.Debug|Any CPU.ActiveCfg = Debug|Any CPU
		{34A2F5DF-45FF-45A4-B52F-59D082F7EAC6}.Debug|Any CPU.Build.0 = Debug|Any CPU
		{34A2F5DF-45FF-45A4-B52F-59D082F7EAC6}.Release|Any CPU.ActiveCfg = Release|Any CPU
		{34A2F5DF-45FF-45A4-B52F-59D082F7EAC6}.Release|Any CPU.Build.0 = Release|Any CPU
		{48BC7675-DBB5-4BFC-B4D6-ACD1480908CB}.Debug|Any CPU.ActiveCfg = Debug|Any CPU
		{48BC7675-DBB5-4BFC-B4D6-ACD1480908CB}.Debug|Any CPU.Build.0 = Debug|Any CPU
		{48BC7675-DBB5-4BFC-B4D6-ACD1480908CB}.Release|Any CPU.ActiveCfg = Release|Any CPU
		{48BC7675-DBB5-4BFC-B4D6-ACD1480908CB}.Release|Any CPU.Build.0 = Release|Any CPU
	EndGlobalSection
	GlobalSection(SolutionProperties) = preSolution
		HideSolutionNode = FALSE
	EndGlobalSection
	GlobalSection(ExtensibilityGlobals) = postSolution
		SolutionGuid = {D484FD64-DDF8-44FC-9B97-629BDA1D18AC}
	EndGlobalSection
EndGlobal
